
Microsoft Visual Studio Solution File, Format Version 12.00
# Visual Studio 2013
VisualStudioVersion = 12.0.21005.1
MinimumVisualStudioVersion = 10.0.40219.1
Project("{8BC9CEB8-8B4A-11D0-8D11-00A0C91BC942}") = "Project6", "Project6\Project6.vcxproj", "{EA41844A-55C3-41BE-8EB5-A25D83D24AF9}"
EndProject
Global
	GlobalSection(SolutionConfigurationPlatforms) = preSolution
		Debug|Win32 = Debug|Win32
		Release|Win32 = Release|Win32
	EndGlobalSection
	GlobalSection(ProjectConfigurationPlatforms) = postSolution
		{EA41844A-55C3-41BE-8EB5-A25D83D24AF9}.Debug|Win32.ActiveCfg = Debug|Win32
		{EA41844A-55C3-41BE-8EB5-A25D83D24AF9}.Debug|Win32.Build.0 = Debug|Win32
		{EA41844A-55C3-41BE-8EB5-A25D83D24AF9}.Release|Win32.ActiveCfg = Release|Win32
		{EA41844A-55C3-41BE-8EB5-A25D83D24AF9}.Release|Win32.Build.0 = Release|Win32
	EndGlobalSection
	GlobalSection(SolutionProperties) = preSolution
		HideSolutionNode = FALSE
	EndGlobalSection
EndGlobal
